
Microsoft Visual Studio Solution File, Format Version 12.00
# Visual Studio Version 17
VisualStudioVersion = 17.0.31903.59
MinimumVisualStudioVersion = 10.0.40219.1
Project("{FAE04EC0-301F-11D3-BF4B-00C04F79EFBC}") = "API", "API\API.csproj", "{007DB5BC-04A5-461B-99F9-DB34EEC0CD9D}"
EndProject
Project("{FAE04EC0-301F-11D3-BF4B-00C04F79EFBC}") = "Application", "Application\Application.csproj", "{0DA0CAB6-6DF4-472D-8AB7-4A63CFC76C82}"
EndProject
Project("{FAE04EC0-301F-11D3-BF4B-00C04F79EFBC}") = "Domain", "Domain\Domain.csproj", "{3CB25AFA-E5C2-452B-85F1-007A9A5871DF}"
EndProject
Project("{FAE04EC0-301F-11D3-BF4B-00C04F79EFBC}") = "Persistence", "Persistence\Persistence.csproj", "{96960215-8AA7-4C99-8176-B0EE564ADE66}"
EndProject
Global
	GlobalSection(SolutionConfigurationPlatforms) = preSolution
		Debug|Any CPU = Debug|Any CPU
		Release|Any CPU = Release|Any CPU
	EndGlobalSection
	GlobalSection(SolutionProperties) = preSolution
		HideSolutionNode = FALSE
	EndGlobalSection
	GlobalSection(ProjectConfigurationPlatforms) = postSolution
		{007DB5BC-04A5-461B-99F9-DB34EEC0CD9D}.Debug|Any CPU.ActiveCfg = Debug|Any CPU
		{007DB5BC-04A5-461B-99F9-DB34EEC0CD9D}.Debug|Any CPU.Build.0 = Debug|Any CPU
		{007DB5BC-04A5-461B-99F9-DB34EEC0CD9D}.Release|Any CPU.ActiveCfg = Release|Any CPU
		{007DB5BC-04A5-461B-99F9-DB34EEC0CD9D}.Release|Any CPU.Build.0 = Release|Any CPU
		{0DA0CAB6-6DF4-472D-8AB7-4A63CFC76C82}.Debug|Any CPU.ActiveCfg = Debug|Any CPU
		{0DA0CAB6-6DF4-472D-8AB7-4A63CFC76C82}.Debug|Any CPU.Build.0 = Debug|Any CPU
		{0DA0CAB6-6DF4-472D-8AB7-4A63CFC76C82}.Release|Any CPU.ActiveCfg = Release|Any CPU
		{0DA0CAB6-6DF4-472D-8AB7-4A63CFC76C82}.Release|Any CPU.Build.0 = Release|Any CPU
		{3CB25AFA-E5C2-452B-85F1-007A9A5871DF}.Debug|Any CPU.ActiveCfg = Debug|Any CPU
		{3CB25AFA-E5C2-452B-85F1-007A9A5871DF}.Debug|Any CPU.Build.0 = Debug|Any CPU
		{3CB25AFA-E5C2-452B-85F1-007A9A5871DF}.Release|Any CPU.ActiveCfg = Release|Any CPU
		{3CB25AFA-E5C2-452B-85F1-007A9A5871DF}.Release|Any CPU.Build.0 = Release|Any CPU
		{96960215-8AA7-4C99-8176-B0EE564ADE66}.Debug|Any CPU.ActiveCfg = Debug|Any CPU
		{96960215-8AA7-4C99-8176-B0EE564ADE66}.Debug|Any CPU.Build.0 = Debug|Any CPU
		{96960215-8AA7-4C99-8176-B0EE564ADE66}.Release|Any CPU.ActiveCfg = Release|Any CPU
		{96960215-8AA7-4C99-8176-B0EE564ADE66}.Release|Any CPU.Build.0 = Release|Any CPU
	EndGlobalSection
EndGlobal
